
Microsoft Visual Studio Solution File, Format Version 12.00
# Visual Studio Version 16
VisualStudioVersion = 16.0.31624.102
MinimumVisualStudioVersion = 10.0.40219.1
Project("{FAE04EC0-301F-11D3-BF4B-00C04F79EFBC}") = "BigSchool12", "BigSchool12\BigSchool12.csproj", "{AE9F7D1C-9893-470C-8A86-EC8834134A71}"
EndProject
Global
	GlobalSection(SolutionConfigurationPlatforms) = preSolution
		Debug|Any CPU = Debug|Any CPU
		Release|Any CPU = Release|Any CPU
	EndGlobalSection
	GlobalSection(ProjectConfigurationPlatforms) = postSolution
		{AE9F7D1C-9893-470C-8A86-EC8834134A71}.Debug|Any CPU.ActiveCfg = Debug|Any CPU
		{AE9F7D1C-9893-470C-8A86-EC8834134A71}.Debug|Any CPU.Build.0 = Debug|Any CPU
		{AE9F7D1C-9893-470C-8A86-EC8834134A71}.Release|Any CPU.ActiveCfg = Release|Any CPU
		{AE9F7D1C-9893-470C-8A86-EC8834134A71}.Release|Any CPU.Build.0 = Release|Any CPU
	EndGlobalSection
	GlobalSection(SolutionProperties) = preSolution
		HideSolutionNode = FALSE
	EndGlobalSection
	GlobalSection(ExtensibilityGlobals) = postSolution
		SolutionGuid = {FA0E8BD6-BAAB-43B9-AB7E-8E3E4161B1C5}
	EndGlobalSection
EndGlobal
